// !$*UTF8*$!
{
	archiveVersion = 1;
	classes = {
	};
	objectVersion = 55;
	objects = {

/* Begin PBXBuildFile section */
		4D3AFE052A9514AB00220C74 /* AppDelegate.swift in Sources */ = {isa = PBXBuildFile; fileRef = 4D3AFE042A9514AB00220C74 /* AppDelegate.swift */; };
		4D3AFE072A9514AB00220C74 /* SceneDelegate.swift in Sources */ = {isa = PBXBuildFile; fileRef = 4D3AFE062A9514AB00220C74 /* SceneDelegate.swift */; };
		4D3AFE092A9514AB00220C74 /* ViewController.swift in Sources */ = {isa = PBXBuildFile; fileRef = 4D3AFE082A9514AB00220C74 /* ViewController.swift */; };
		4D3AFE0C2A9514AB00220C74 /* Main.storyboard in Resources */ = {isa = PBXBuildFile; fileRef = 4D3AFE0A2A9514AB00220C74 /* Main.storyboard */; };
		4D3AFE0E2A9514B300220C74 /* Assets.xcassets in Resources */ = {isa = PBXBuildFile; fileRef = 4D3AFE0D2A9514B300220C74 /* Assets.xcassets */; };
		4D3AFE112A9514B300220C74 /* LaunchScreen.storyboard in Resources */ = {isa = PBXBuildFile; fileRef = 4D3AFE0F2A9514B300220C74 /* LaunchScreen.storyboard */; };
		4D3AFE1C2A951B6700220C74 /* CartViewController.swift in Sources */ = {isa = PBXBuildFile; fileRef = 4D3AFE1B2A951B6700220C74 /* CartViewController.swift */; };
		4D3AFE202A95204000220C74 /* ItemTableViewCell.swift in Sources */ = {isa = PBXBuildFile; fileRef = 4D3AFE1E2A95204000220C74 /* ItemTableViewCell.swift */; };
		4D3AFE212A95204000220C74 /* ItemTableViewCell.xib in Resources */ = {isa = PBXBuildFile; fileRef = 4D3AFE1F2A95204000220C74 /* ItemTableViewCell.xib */; };
		4D3AFE272A95228E00220C74 /* UIView+Extension.swift in Sources */ = {isa = PBXBuildFile; fileRef = 4D3AFE262A95228E00220C74 /* UIView+Extension.swift */; };
		4D3AFE2C2A95275D00220C74 /* CardView.swift in Sources */ = {isa = PBXBuildFile; fileRef = 4D3AFE2B2A95275D00220C74 /* CardView.swift */; };
		4D3AFE2E2A953B0C00220C74 /* CartItem.swift in Sources */ = {isa = PBXBuildFile; fileRef = 4D3AFE2D2A953B0C00220C74 /* CartItem.swift */; };
		4D3AFE322A9556C900220C74 /* CartItemManager.swift in Sources */ = {isa = PBXBuildFile; fileRef = 4D3AFE312A9556C900220C74 /* CartItemManager.swift */; };
		4D3AFE372A957C8E00220C74 /* AddIsolateTableViewCell.swift in Sources */ = {isa = PBXBuildFile; fileRef = 4D3AFE352A957C8D00220C74 /* AddIsolateTableViewCell.swift */; };
		4D3AFE382A957C8E00220C74 /* AddIsolateTableViewCell.xib in Resources */ = {isa = PBXBuildFile; fileRef = 4D3AFE362A957C8D00220C74 /* AddIsolateTableViewCell.xib */; };
		4D3AFE3A2A9586E200220C74 /* CartItemDataModel.swift in Sources */ = {isa = PBXBuildFile; fileRef = 4D3AFE392A9586E200220C74 /* CartItemDataModel.swift */; };
		4D3AFE4B2A963F4E00220C74 /* Gotham-Book.otf in Resources */ = {isa = PBXBuildFile; fileRef = 4D3AFE482A963F4E00220C74 /* Gotham-Book.otf */; };
		4D3AFE4C2A963F4E00220C74 /* Gotham-Bold.otf in Resources */ = {isa = PBXBuildFile; fileRef = 4D3AFE492A963F4E00220C74 /* Gotham-Bold.otf */; };
		4D3AFE4D2A963F4E00220C74 /* Gotham-Black.otf in Resources */ = {isa = PBXBuildFile; fileRef = 4D3AFE4A2A963F4E00220C74 /* Gotham-Black.otf */; };
/* End PBXBuildFile section */

/* Begin PBXFileReference section */
		4D3AFE012A9514AB00220C74 /* DevChallenger.app */ = {isa = PBXFileReference; explicitFileType = wrapper.application; includeInIndex = 0; path = DevChallenger.app; sourceTree = BUILT_PRODUCTS_DIR; };
		4D3AFE042A9514AB00220C74 /* AppDelegate.swift */ = {isa = PBXFileReference; lastKnownFileType = sourcecode.swift; path = AppDelegate.swift; sourceTree = "<group>"; };
		4D3AFE062A9514AB00220C74 /* SceneDelegate.swift */ = {isa = PBXFileReference; lastKnownFileType = sourcecode.swift; path = SceneDelegate.swift; sourceTree = "<group>"; };
		4D3AFE082A9514AB00220C74 /* ViewController.swift */ = {isa = PBXFileReference; lastKnownFileType = sourcecode.swift; path = ViewController.swift; sourceTree = "<group>"; };
		4D3AFE0B2A9514AB00220C74 /* Base */ = {isa = PBXFileReference; lastKnownFileType = file.storyboard; name = Base; path = Base.lproj/Main.storyboard; sourceTree = "<group>"; };
		4D3AFE0D2A9514B300220C74 /* Assets.xcassets */ = {isa = PBXFileReference; lastKnownFileType = folder.assetcatalog; path = Assets.xcassets; sourceTree = "<group>"; };
		4D3AFE102A9514B300220C74 /* Base */ = {isa = PBXFileReference; lastKnownFileType = file.storyboard; name = Base; path = Base.lproj/LaunchScreen.storyboard; sourceTree = "<group>"; };
		4D3AFE122A9514B300220C74 /* Info.plist */ = {isa = PBXFileReference; lastKnownFileType = text.plist.xml; path = Info.plist; sourceTree = "<group>"; };
		4D3AFE1B2A951B6700220C74 /* CartViewController.swift */ = {isa = PBXFileReference; lastKnownFileType = sourcecode.swift; path = CartViewController.swift; sourceTree = "<group>"; };
		4D3AFE1E2A95204000220C74 /* ItemTableViewCell.swift */ = {isa = PBXFileReference; lastKnownFileType = sourcecode.swift; path = ItemTableViewCell.swift; sourceTree = "<group>"; };
		4D3AFE1F2A95204000220C74 /* ItemTableViewCell.xib */ = {isa = PBXFileReference; lastKnownFileType = file.xib; path = ItemTableViewCell.xib; sourceTree = "<group>"; };
		4D3AFE262A95228E00220C74 /* UIView+Extension.swift */ = {isa = PBXFileReference; lastKnownFileType = sourcecode.swift; path = "UIView+Extension.swift"; sourceTree = "<group>"; };
		4D3AFE2B2A95275D00220C74 /* CardView.swift */ = {isa = PBXFileReference; lastKnownFileType = sourcecode.swift; path = CardView.swift; sourceTree = "<group>"; };
		4D3AFE2D2A953B0C00220C74 /* CartItem.swift */ = {isa = PBXFileReference; lastKnownFileType = sourcecode.swift; path = CartItem.swift; sourceTree = "<group>"; };
		4D3AFE312A9556C900220C74 /* CartItemManager.swift */ = {isa = PBXFileReference; lastKnownFileType = sourcecode.swift; path = CartItemManager.swift; sourceTree = "<group>"; };
		4D3AFE352A957C8D00220C74 /* AddIsolateTableViewCell.swift */ = {isa = PBXFileReference; lastKnownFileType = sourcecode.swift; path = AddIsolateTableViewCell.swift; sourceTree = "<group>"; };
		4D3AFE362A957C8D00220C74 /* AddIsolateTableViewCell.xib */ = {isa = PBXFileReference; lastKnownFileType = file.xib; path = AddIsolateTableViewCell.xib; sourceTree = "<group>"; };
		4D3AFE392A9586E200220C74 /* CartItemDataModel.swift */ = {isa = PBXFileReference; lastKnownFileType = sourcecode.swift; path = CartItemDataModel.swift; sourceTree = "<group>"; };
		4D3AFE482A963F4E00220C74 /* Gotham-Book.otf */ = {isa = PBXFileReference; lastKnownFileType = file; path = "Gotham-Book.otf"; sourceTree = "<group>"; };
		4D3AFE492A963F4E00220C74 /* Gotham-Bold.otf */ = {isa = PBXFileReference; lastKnownFileType = file; path = "Gotham-Bold.otf"; sourceTree = "<group>"; };
		4D3AFE4A2A963F4E00220C74 /* Gotham-Black.otf */ = {isa = PBXFileReference; lastKnownFileType = file; path = "Gotham-Black.otf"; sourceTree = "<group>"; };
/* End PBXFileReference section */

/* Begin PBXFrameworksBuildPhase section */
		4D3AFDFE2A9514AB00220C74 /* Frameworks */ = {
			isa = PBXFrameworksBuildPhase;
			buildActionMask = 2147483647;
			files = (
			);
			runOnlyForDeploymentPostprocessing = 0;
		};
/* End PBXFrameworksBuildPhase section */

/* Begin PBXGroup section */
		4D3AFDF82A9514AB00220C74 = {
			isa = PBXGroup;
			children = (
				4D3AFE032A9514AB00220C74 /* DevChallenger */,
				4D3AFE022A9514AB00220C74 /* Products */,
			);
			sourceTree = "<group>";
		};
		4D3AFE022A9514AB00220C74 /* Products */ = {
			isa = PBXGroup;
			children = (
				4D3AFE012A9514AB00220C74 /* DevChallenger.app */,
			);
			name = Products;
			sourceTree = "<group>";
		};
		4D3AFE032A9514AB00220C74 /* DevChallenger */ = {
			isa = PBXGroup;
			children = (
				4D3AFE3B2A9589A000220C74 /* Fonts */,
				4D3AFE252A95226D00220C74 /* Common */,
				4D3AFE042A9514AB00220C74 /* AppDelegate.swift */,
				4D3AFE062A9514AB00220C74 /* SceneDelegate.swift */,
				4D3AFE222A95221800220C74 /* Modules */,
				4D3AFE1D2A95200700220C74 /* CustomViews */,
				4D3AFE182A95185600220C74 /* View */,
				4D3AFE0D2A9514B300220C74 /* Assets.xcassets */,
				4D3AFE0F2A9514B300220C74 /* LaunchScreen.storyboard */,
				4D3AFE122A9514B300220C74 /* Info.plist */,
			);
			path = DevChallenger;
			sourceTree = "<group>";
		};
		4D3AFE182A95185600220C74 /* View */ = {
			isa = PBXGroup;
			children = (
				4D3AFE0A2A9514AB00220C74 /* Main.storyboard */,
			);
			path = View;
			sourceTree = "<group>";
		};
		4D3AFE1D2A95200700220C74 /* CustomViews */ = {
			isa = PBXGroup;
			children = (
				4D3AFE332A957C3500220C74 /* AddIsolate */,
				4D3AFE292A95273100220C74 /* CardView */,
				4D3AFE2A2A95274000220C74 /* Item */,
			);
			path = CustomViews;
			sourceTree = "<group>";
		};
		4D3AFE222A95221800220C74 /* Modules */ = {
			isa = PBXGroup;
			children = (
				4D3AFE242A95223B00220C74 /* Home */,
				4D3AFE232A95222700220C74 /* Cart */,
			);
			path = Modules;
			sourceTree = "<group>";
		};
		4D3AFE232A95222700220C74 /* Cart */ = {
			isa = PBXGroup;
			children = (
				4D3AFE1B2A951B6700220C74 /* CartViewController.swift */,
				4D3AFE2D2A953B0C00220C74 /* CartItem.swift */,
				4D3AFE312A9556C900220C74 /* CartItemManager.swift */,
				4D3AFE392A9586E200220C74 /* CartItemDataModel.swift */,
			);
			path = Cart;
			sourceTree = "<group>";
		};
		4D3AFE242A95223B00220C74 /* Home */ = {
			isa = PBXGroup;
			children = (
				4D3AFE082A9514AB00220C74 /* ViewController.swift */,
			);
			path = Home;
			sourceTree = "<group>";
		};
		4D3AFE252A95226D00220C74 /* Common */ = {
			isa = PBXGroup;
			children = (
				4D3AFE282A95229A00220C74 /* Extensions */,
			);
			path = Common;
			sourceTree = "<group>";
		};
		4D3AFE282A95229A00220C74 /* Extensions */ = {
			isa = PBXGroup;
			children = (
				4D3AFE262A95228E00220C74 /* UIView+Extension.swift */,
			);
			path = Extensions;
			sourceTree = "<group>";
		};
		4D3AFE292A95273100220C74 /* CardView */ = {
			isa = PBXGroup;
			children = (
				4D3AFE2B2A95275D00220C74 /* CardView.swift */,
			);
			path = CardView;
			sourceTree = "<group>";
		};
		4D3AFE2A2A95274000220C74 /* Item */ = {
			isa = PBXGroup;
			children = (
				4D3AFE1F2A95204000220C74 /* ItemTableViewCell.xib */,
				4D3AFE1E2A95204000220C74 /* ItemTableViewCell.swift */,
			);
			path = Item;
			sourceTree = "<group>";
		};
		4D3AFE332A957C3500220C74 /* AddIsolate */ = {
			isa = PBXGroup;
			children = (
				4D3AFE352A957C8D00220C74 /* AddIsolateTableViewCell.swift */,
				4D3AFE362A957C8D00220C74 /* AddIsolateTableViewCell.xib */,
			);
			path = AddIsolate;
			sourceTree = "<group>";
		};
		4D3AFE3B2A9589A000220C74 /* Fonts */ = {
			isa = PBXGroup;
			children = (
				4D3AFE4A2A963F4E00220C74 /* Gotham-Black.otf */,
				4D3AFE492A963F4E00220C74 /* Gotham-Bold.otf */,
				4D3AFE482A963F4E00220C74 /* Gotham-Book.otf */,
			);
			path = Fonts;
			sourceTree = "<group>";
		};
/* End PBXGroup section */

/* Begin PBXNativeTarget section */
		4D3AFE002A9514AB00220C74 /* DevChallenger */ = {
			isa = PBXNativeTarget;
			buildConfigurationList = 4D3AFE152A9514B300220C74 /* Build configuration list for PBXNativeTarget "DevChallenger" */;
			buildPhases = (
				4D3AFDFD2A9514AB00220C74 /* Sources */,
				4D3AFDFE2A9514AB00220C74 /* Frameworks */,
				4D3AFDFF2A9514AB00220C74 /* Resources */,
			);
			buildRules = (
			);
			dependencies = (
			);
			name = DevChallenger;
			productName = DevChallenger;
			productReference = 4D3AFE012A9514AB00220C74 /* DevChallenger.app */;
			productType = "com.apple.product-type.application";
		};
/* End PBXNativeTarget section */

/* Begin PBXProject section */
		4D3AFDF92A9514AB00220C74 /* Project object */ = {
			isa = PBXProject;
			attributes = {
				BuildIndependentTargetsInParallel = 1;
				LastSwiftUpdateCheck = 1320;
				LastUpgradeCheck = 1320;
				TargetAttributes = {
					4D3AFE002A9514AB00220C74 = {
						CreatedOnToolsVersion = 13.2.1;
					};
				};
			};
			buildConfigurationList = 4D3AFDFC2A9514AB00220C74 /* Build configuration list for PBXProject "DevChallenger" */;
			compatibilityVersion = "Xcode 13.0";
			developmentRegion = en;
			hasScannedForEncodings = 0;
			knownRegions = (
				en,
				Base,
			);
			mainGroup = 4D3AFDF82A9514AB00220C74;
			productRefGroup = 4D3AFE022A9514AB00220C74 /* Products */;
			projectDirPath = "";
			projectRoot = "";
			targets = (
				4D3AFE002A9514AB00220C74 /* DevChallenger */,
			);
		};
/* End PBXProject section */

/* Begin PBXResourcesBuildPhase section */
		4D3AFDFF2A9514AB00220C74 /* Resources */ = {
			isa = PBXResourcesBuildPhase;
			buildActionMask = 2147483647;
			files = (
				4D3AFE4B2A963F4E00220C74 /* Gotham-Book.otf in Resources */,
				4D3AFE4D2A963F4E00220C74 /* Gotham-Black.otf in Resources */,
				4D3AFE4C2A963F4E00220C74 /* Gotham-Bold.otf in Resources */,
				4D3AFE212A95204000220C74 /* ItemTableViewCell.xib in Resources */,
				4D3AFE112A9514B300220C74 /* LaunchScreen.storyboard in Resources */,
				4D3AFE0E2A9514B300220C74 /* Assets.xcassets in Resources */,
				4D3AFE0C2A9514AB00220C74 /* Main.storyboard in Resources */,
				4D3AFE382A957C8E00220C74 /* AddIsolateTableViewCell.xib in Resources */,
			);
			runOnlyForDeploymentPostprocessing = 0;
		};
/* End PBXResourcesBuildPhase section */

/* Begin PBXSourcesBuildPhase section */
		4D3AFDFD2A9514AB00220C74 /* Sources */ = {
			isa = PBXSourcesBuildPhase;
			buildActionMask = 2147483647;
			files = (
				4D3AFE2C2A95275D00220C74 /* CardView.swift in Sources */,
				4D3AFE272A95228E00220C74 /* UIView+Extension.swift in Sources */,
				4D3AFE2E2A953B0C00220C74 /* CartItem.swift in Sources */,
				4D3AFE1C2A951B6700220C74 /* CartViewController.swift in Sources */,
				4D3AFE092A9514AB00220C74 /* ViewController.swift in Sources */,
				4D3AFE202A95204000220C74 /* ItemTableViewCell.swift in Sources */,
				4D3AFE052A9514AB00220C74 /* AppDelegate.swift in Sources */,
				4D3AFE322A9556C900220C74 /* CartItemManager.swift in Sources */,
				4D3AFE072A9514AB00220C74 /* SceneDelegate.swift in Sources */,
				4D3AFE372A957C8E00220C74 /* AddIsolateTableViewCell.swift in Sources */,
				4D3AFE3A2A9586E200220C74 /* CartItemDataModel.swift in Sources */,
			);
			runOnlyForDeploymentPostprocessing = 0;
		};
/* End PBXSourcesBuildPhase section */

/* Begin PBXVariantGroup section */
		4D3AFE0A2A9514AB00220C74 /* Main.storyboard */ = {
			isa = PBXVariantGroup;
			children = (
				4D3AFE0B2A9514AB00220C74 /* Base */,
			);
			name = Main.storyboard;
			sourceTree = "<group>";
		};
		4D3AFE0F2A9514B300220C74 /* LaunchScreen.storyboard */ = {
			isa = PBXVariantGroup;
			children = (
				4D3AFE102A9514B300220C74 /* Base */,
			);
			name = LaunchScreen.storyboard;
			sourceTree = "<group>";
		};
/* End PBXVariantGroup section */

/* Begin XCBuildConfiguration section */
		4D3AFE132A9514B300220C74 /* Debug */ = {
			isa = XCBuildConfiguration;
			buildSettings = {
				ALWAYS_SEARCH_USER_PATHS = NO;
				CLANG_ANALYZER_NONNULL = YES;
				CLANG_ANALYZER_NUMBER_OBJECT_CONVERSION = YES_AGGRESSIVE;
				CLANG_CXX_LANGUAGE_STANDARD = "gnu++17";
				CLANG_CXX_LIBRARY = "libc++";
				CLANG_ENABLE_MODULES = YES;
				CLANG_ENABLE_OBJC_ARC = YES;
				CLANG_ENABLE_OBJC_WEAK = YES;
				CLANG_WARN_BLOCK_CAPTURE_AUTORELEASING = YES;
				CLANG_WARN_BOOL_CONVERSION = YES;
				CLANG_WARN_COMMA = YES;
				CLANG_WARN_CONSTANT_CONVERSION = YES;
				CLANG_WARN_DEPRECATED_OBJC_IMPLEMENTATIONS = YES;
				CLANG_WARN_DIRECT_OBJC_ISA_USAGE = YES_ERROR;
				CLANG_WARN_DOCUMENTATION_COMMENTS = YES;
				CLANG_WARN_EMPTY_BODY = YES;
				CLANG_WARN_ENUM_CONVERSION = YES;
				CLANG_WARN_INFINITE_RECURSION = YES;
				CLANG_WARN_INT_CONVERSION = YES;
				CLANG_WARN_NON_LITERAL_NULL_CONVERSION = YES;
				CLANG_WARN_OBJC_IMPLICIT_RETAIN_SELF = YES;
				CLANG_WARN_OBJC_LITERAL_CONVERSION = YES;
				CLANG_WARN_OBJC_ROOT_CLASS = YES_ERROR;
				CLANG_WARN_QUOTED_INCLUDE_IN_FRAMEWORK_HEADER = YES;
				CLANG_WARN_RANGE_LOOP_ANALYSIS = YES;
				CLANG_WARN_STRICT_PROTOTYPES = YES;
				CLANG_WARN_SUSPICIOUS_MOVE = YES;
				CLANG_WARN_UNGUARDED_AVAILABILITY = YES_AGGRESSIVE;
				CLANG_WARN_UNREACHABLE_CODE = YES;
				CLANG_WARN__DUPLICATE_METHOD_MATCH = YES;
				COPY_PHASE_STRIP = NO;
				DEBUG_INFORMATION_FORMAT = dwarf;
				ENABLE_STRICT_OBJC_MSGSEND = YES;
				ENABLE_TESTABILITY = YES;
				GCC_C_LANGUAGE_STANDARD = gnu11;
				GCC_DYNAMIC_NO_PIC = NO;
				GCC_NO_COMMON_BLOCKS = YES;
				GCC_OPTIMIZATION_LEVEL = 0;
				GCC_PREPROCESSOR_DEFINITIONS = (
					"DEBUG=1",
					"$(inherited)",
				);
				GCC_WARN_64_TO_32_BIT_CONVERSION = YES;
				GCC_WARN_ABOUT_RETURN_TYPE = YES_ERROR;
				GCC_WARN_UNDECLARED_SELECTOR = YES;
				GCC_WARN_UNINITIALIZED_AUTOS = YES_AGGRESSIVE;
				GCC_WARN_UNUSED_FUNCTION = YES;
				GCC_WARN_UNUSED_VARIABLE = YES;
				IPHONEOS_DEPLOYMENT_TARGET = 15.2;
				MTL_ENABLE_DEBUG_INFO = INCLUDE_SOURCE;
				MTL_FAST_MATH = YES;
				ONLY_ACTIVE_ARCH = YES;
				SDKROOT = iphoneos;
				SWIFT_ACTIVE_COMPILATION_CONDITIONS = DEBUG;
				SWIFT_OPTIMIZATION_LEVEL = "-Onone";
			};
			name = Debug;
		};
		4D3AFE142A9514B300220C74 /* Release */ = {
			isa = XCBuildConfiguration;
			buildSettings = {
				ALWAYS_SEARCH_USER_PATHS = NO;
				CLANG_ANALYZER_NONNULL = YES;
				CLANG_ANALYZER_NUMBER_OBJECT_CONVERSION = YES_AGGRESSIVE;
				CLANG_CXX_LANGUAGE_STANDARD = "gnu++17";
				CLANG_CXX_LIBRARY = "libc++";
				CLANG_ENABLE_MODULES = YES;
				CLANG_ENABLE_OBJC_ARC = YES;
				CLANG_ENABLE_OBJC_WEAK = YES;
				CLANG_WARN_BLOCK_CAPTURE_AUTORELEASING = YES;
				CLANG_WARN_BOOL_CONVERSION = YES;
				CLANG_WARN_COMMA = YES;
				CLANG_WARN_CONSTANT_CONVERSION = YES;
				CLANG_WARN_DEPRECATED_OBJC_IMPLEMENTATIONS = YES;
				CLANG_WARN_DIRECT_OBJC_ISA_USAGE = YES_ERROR;
				CLANG_WARN_DOCUMENTATION_COMMENTS = YES;
				CLANG_WARN_EMPTY_BODY = YES;
				CLANG_WARN_ENUM_CONVERSION = YES;
				CLANG_WARN_INFINITE_RECURSION = YES;
				CLANG_WARN_INT_CONVERSION = YES;
				CLANG_WARN_NON_LITERAL_NULL_CONVERSION = YES;
				CLANG_WARN_OBJC_IMPLICIT_RETAIN_SELF = YES;
				CLANG_WARN_OBJC_LITERAL_CONVERSION = YES;
				CLANG_WARN_OBJC_ROOT_CLASS = YES_ERROR;
				CLANG_WARN_QUOTED_INCLUDE_IN_FRAMEWORK_HEADER = YES;
				CLANG_WARN_RANGE_LOOP_ANALYSIS = YES;
				CLANG_WARN_STRICT_PROTOTYPES = YES;
				CLANG_WARN_SUSPICIOUS_MOVE = YES;
				CLANG_WARN_UNGUARDED_AVAILABILITY = YES_AGGRESSIVE;
				CLANG_WARN_UNREACHABLE_CODE = YES;
				CLANG_WARN__DUPLICATE_METHOD_MATCH = YES;
				COPY_PHASE_STRIP = NO;
				DEBUG_INFORMATION_FORMAT = "dwarf-with-dsym";
				ENABLE_NS_ASSERTIONS = NO;
				ENABLE_STRICT_OBJC_MSGSEND = YES;
				GCC_C_LANGUAGE_STANDARD = gnu11;
				GCC_NO_COMMON_BLOCKS = YES;
				GCC_WARN_64_TO_32_BIT_CONVERSION = YES;
				GCC_WARN_ABOUT_RETURN_TYPE = YES_ERROR;
				GCC_WARN_UNDECLARED_SELECTOR = YES;
				GCC_WARN_UNINITIALIZED_AUTOS = YES_AGGRESSIVE;
				GCC_WARN_UNUSED_FUNCTION = YES;
				GCC_WARN_UNUSED_VARIABLE = YES;
				IPHONEOS_DEPLOYMENT_TARGET = 15.2;
				MTL_ENABLE_DEBUG_INFO = NO;
				MTL_FAST_MATH = YES;
				SDKROOT = iphoneos;
				SWIFT_COMPILATION_MODE = wholemodule;
				SWIFT_OPTIMIZATION_LEVEL = "-O";
				VALIDATE_PRODUCT = YES;
			};
			name = Release;
		};
		4D3AFE162A9514B300220C74 /* Debug */ = {
			isa = XCBuildConfiguration;
			buildSettings = {
				ASSETCATALOG_COMPILER_APPICON_NAME = AppIcon;
				ASSETCATALOG_COMPILER_GLOBAL_ACCENT_COLOR_NAME = AccentColor;
				CODE_SIGN_STYLE = Automatic;
				CURRENT_PROJECT_VERSION = 1;
				DEVELOPMENT_TEAM = 9T3ZC977W3;
				GENERATE_INFOPLIST_FILE = YES;
				INFOPLIST_FILE = DevChallenger/Info.plist;
				INFOPLIST_KEY_UIApplicationSupportsIndirectInputEvents = YES;
				INFOPLIST_KEY_UILaunchStoryboardName = LaunchScreen;
				INFOPLIST_KEY_UIMainStoryboardFile = Main;
				INFOPLIST_KEY_UISupportedInterfaceOrientations_iPad = "UIInterfaceOrientationPortrait UIInterfaceOrientationPortraitUpsideDown UIInterfaceOrientationLandscapeLeft UIInterfaceOrientationLandscapeRight";
				INFOPLIST_KEY_UISupportedInterfaceOrientations_iPhone = "UIInterfaceOrientationPortrait UIInterfaceOrientationLandscapeLeft UIInterfaceOrientationLandscapeRight";
				LD_RUNPATH_SEARCH_PATHS = (
					"$(inherited)",
					"@executable_path/Frameworks",
				);
				MARKETING_VERSION = 1.0;
				PRODUCT_BUNDLE_IDENTIFIER = com.fernandogonzalez.DevChallenger;
				PRODUCT_NAME = "$(TARGET_NAME)";
				SWIFT_EMIT_LOC_STRINGS = YES;
				SWIFT_VERSION = 5.0;
				TARGETED_DEVICE_FAMILY = "1,2";
			};
			name = Debug;
		};
		4D3AFE172A9514B300220C74 /* Release */ = {
			isa = XCBuildConfiguration;
			buildSettings = {
				ASSETCATALOG_COMPILER_APPICON_NAME = AppIcon;
				ASSETCATALOG_COMPILER_GLOBAL_ACCENT_COLOR_NAME = AccentColor;
				CODE_SIGN_STYLE = Automatic;
				CURRENT_PROJECT_VERSION = 1;
				DEVELOPMENT_TEAM = 9T3ZC977W3;
				GENERATE_INFOPLIST_FILE = YES;
				INFOPLIST_FILE = DevChallenger/Info.plist;
				INFOPLIST_KEY_UIApplicationSupportsIndirectInputEvents = YES;
				INFOPLIST_KEY_UILaunchStoryboardName = LaunchScreen;
				INFOPLIST_KEY_UIMainStoryboardFile = Main;
				INFOPLIST_KEY_UISupportedInterfaceOrientations_iPad = "UIInterfaceOrientationPortrait UIInterfaceOrientationPortraitUpsideDown UIInterfaceOrientationLandscapeLeft UIInterfaceOrientationLandscapeRight";
				INFOPLIST_KEY_UISupportedInterfaceOrientations_iPhone = "UIInterfaceOrientationPortrait UIInterfaceOrientationLandscapeLeft UIInterfaceOrientationLandscapeRight";
				LD_RUNPATH_SEARCH_PATHS = (
					"$(inherited)",
					"@executable_path/Frameworks",
				);
				MARKETING_VERSION = 1.0;
				PRODUCT_BUNDLE_IDENTIFIER = com.fernandogonzalez.DevChallenger;
				PRODUCT_NAME = "$(TARGET_NAME)";
				SWIFT_EMIT_LOC_STRINGS = YES;
				SWIFT_VERSION = 5.0;
				TARGETED_DEVICE_FAMILY = "1,2";
			};
			name = Release;
		};
/* End XCBuildConfiguration section */

/* Begin XCConfigurationList section */
		4D3AFDFC2A9514AB00220C74 /* Build configuration list for PBXProject "DevChallenger" */ = {
			isa = XCConfigurationList;
			buildConfigurations = (
				4D3AFE132A9514B300220C74 /* Debug */,
				4D3AFE142A9514B300220C74 /* Release */,
			);
			defaultConfigurationIsVisible = 0;
			defaultConfigurationName = Release;
		};
		4D3AFE152A9514B300220C74 /* Build configuration list for PBXNativeTarget "DevChallenger" */ = {
			isa = XCConfigurationList;
			buildConfigurations = (
				4D3AFE162A9514B300220C74 /* Debug */,
				4D3AFE172A9514B300220C74 /* Release */,
			);
			defaultConfigurationIsVisible = 0;
			defaultConfigurationName = Release;
		};
/* End XCConfigurationList section */
	};
	rootObject = 4D3AFDF92A9514AB00220C74 /* Project object */;
}
